
Microsoft Visual Studio Solution File, Format Version 12.00
# Visual Studio Version 17
VisualStudioVersion = 17.0.31903.59
MinimumVisualStudioVersion = 10.0.40219.1
Project("{FAE04EC0-301F-11D3-BF4B-00C04F79EFBC}") = "Inchirieri", "Inchirieri\Inchirieri.csproj", "{13AB00B9-2529-4958-AB58-9354CAD24B97}"
EndProject
Project("{FAE04EC0-301F-11D3-BF4B-00C04F79EFBC}") = "Inchirieri.Core", "Inchirieri.Core\Inchirieri.Core.csproj", "{3B665AC8-0128-490D-90A8-B870193A12D8}"
EndProject
Project("{FAE04EC0-301F-11D3-BF4B-00C04F79EFBC}") = "Inchirieri.Data", "Inchirieri.Data\Inchirieri.Data.csproj", "{8F3AEFF7-882F-4FF9-886C-AF38DB0C822E}"
EndProject
Project("{FAE04EC0-301F-11D3-BF4B-00C04F79EFBC}") = "Inchirieri.Wpf", "Inchirieri.Wpf\Inchirieri.Wpf.csproj", "{3564B271-7DDD-4A93-BF0C-2BA57E454E02}"
EndProject
Global
	GlobalSection(SolutionConfigurationPlatforms) = preSolution
		Debug|Any CPU = Debug|Any CPU
		Debug|x64 = Debug|x64
		Debug|x86 = Debug|x86
		Release|Any CPU = Release|Any CPU
		Release|x64 = Release|x64
		Release|x86 = Release|x86
	EndGlobalSection
	GlobalSection(ProjectConfigurationPlatforms) = postSolution
		{13AB00B9-2529-4958-AB58-9354CAD24B97}.Debug|Any CPU.ActiveCfg = Debug|Any CPU
		{13AB00B9-2529-4958-AB58-9354CAD24B97}.Debug|Any CPU.Build.0 = Debug|Any CPU
		{13AB00B9-2529-4958-AB58-9354CAD24B97}.Debug|x64.ActiveCfg = Debug|Any CPU
		{13AB00B9-2529-4958-AB58-9354CAD24B97}.Debug|x64.Build.0 = Debug|Any CPU
		{13AB00B9-2529-4958-AB58-9354CAD24B97}.Debug|x86.ActiveCfg = Debug|Any CPU
		{13AB00B9-2529-4958-AB58-9354CAD24B97}.Debug|x86.Build.0 = Debug|Any CPU
		{13AB00B9-2529-4958-AB58-9354CAD24B97}.Release|Any CPU.ActiveCfg = Release|Any CPU
		{13AB00B9-2529-4958-AB58-9354CAD24B97}.Release|Any CPU.Build.0 = Release|Any CPU
		{13AB00B9-2529-4958-AB58-9354CAD24B97}.Release|x64.ActiveCfg = Release|Any CPU
		{13AB00B9-2529-4958-AB58-9354CAD24B97}.Release|x64.Build.0 = Release|Any CPU
		{13AB00B9-2529-4958-AB58-9354CAD24B97}.Release|x86.ActiveCfg = Release|Any CPU
		{13AB00B9-2529-4958-AB58-9354CAD24B97}.Release|x86.Build.0 = Release|Any CPU
		{3B665AC8-0128-490D-90A8-B870193A12D8}.Debug|Any CPU.ActiveCfg = Debug|Any CPU
		{3B665AC8-0128-490D-90A8-B870193A12D8}.Debug|Any CPU.Build.0 = Debug|Any CPU
		{3B665AC8-0128-490D-90A8-B870193A12D8}.Debug|x64.ActiveCfg = Debug|Any CPU
		{3B665AC8-0128-490D-90A8-B870193A12D8}.Debug|x64.Build.0 = Debug|Any CPU
		{3B665AC8-0128-490D-90A8-B870193A12D8}.Debug|x86.ActiveCfg = Debug|Any CPU
		{3B665AC8-0128-490D-90A8-B870193A12D8}.Debug|x86.Build.0 = Debug|Any CPU
		{3B665AC8-0128-490D-90A8-B870193A12D8}.Release|Any CPU.ActiveCfg = Release|Any CPU
		{3B665AC8-0128-490D-90A8-B870193A12D8}.Release|Any CPU.Build.0 = Release|Any CPU
		{3B665AC8-0128-490D-90A8-B870193A12D8}.Release|x64.ActiveCfg = Release|Any CPU
		{3B665AC8-0128-490D-90A8-B870193A12D8}.Release|x64.Build.0 = Release|Any CPU
		{3B665AC8-0128-490D-90A8-B870193A12D8}.Release|x86.ActiveCfg = Release|Any CPU
		{3B665AC8-0128-490D-90A8-B870193A12D8}.Release|x86.Build.0 = Release|Any CPU
		{8F3AEFF7-882F-4FF9-886C-AF38DB0C822E}.Debug|Any CPU.ActiveCfg = Debug|Any CPU
		{8F3AEFF7-882F-4FF9-886C-AF38DB0C822E}.Debug|Any CPU.Build.0 = Debug|Any CPU
		{8F3AEFF7-882F-4FF9-886C-AF38DB0C822E}.Debug|x64.ActiveCfg = Debug|Any CPU
		{8F3AEFF7-882F-4FF9-886C-AF38DB0C822E}.Debug|x64.Build.0 = Debug|Any CPU
		{8F3AEFF7-882F-4FF9-886C-AF38DB0C822E}.Debug|x86.ActiveCfg = Debug|Any CPU
		{8F3AEFF7-882F-4FF9-886C-AF38DB0C822E}.Debug|x86.Build.0 = Debug|Any CPU
		{8F3AEFF7-882F-4FF9-886C-AF38DB0C822E}.Release|Any CPU.ActiveCfg = Release|Any CPU
		{8F3AEFF7-882F-4FF9-886C-AF38DB0C822E}.Release|Any CPU.Build.0 = Release|Any CPU
		{8F3AEFF7-882F-4FF9-886C-AF38DB0C822E}.Release|x64.ActiveCfg = Release|Any CPU
		{8F3AEFF7-882F-4FF9-886C-AF38DB0C822E}.Release|x64.Build.0 = Release|Any CPU
		{8F3AEFF7-882F-4FF9-886C-AF38DB0C822E}.Release|x86.ActiveCfg = Release|Any CPU
		{8F3AEFF7-882F-4FF9-886C-AF38DB0C822E}.Release|x86.Build.0 = Release|Any CPU
		{3564B271-7DDD-4A93-BF0C-2BA57E454E02}.Debug|Any CPU.ActiveCfg = Debug|Any CPU
		{3564B271-7DDD-4A93-BF0C-2BA57E454E02}.Debug|Any CPU.Build.0 = Debug|Any CPU
		{3564B271-7DDD-4A93-BF0C-2BA57E454E02}.Debug|x64.ActiveCfg = Debug|Any CPU
		{3564B271-7DDD-4A93-BF0C-2BA57E454E02}.Debug|x64.Build.0 = Debug|Any CPU
		{3564B271-7DDD-4A93-BF0C-2BA57E454E02}.Debug|x86.ActiveCfg = Debug|Any CPU
		{3564B271-7DDD-4A93-BF0C-2BA57E454E02}.Debug|x86.Build.0 = Debug|Any CPU
		{3564B271-7DDD-4A93-BF0C-2BA57E454E02}.Release|Any CPU.ActiveCfg = Release|Any CPU
		{3564B271-7DDD-4A93-BF0C-2BA57E454E02}.Release|Any CPU.Build.0 = Release|Any CPU
		{3564B271-7DDD-4A93-BF0C-2BA57E454E02}.Release|x64.ActiveCfg = Release|Any CPU
		{3564B271-7DDD-4A93-BF0C-2BA57E454E02}.Release|x64.Build.0 = Release|Any CPU
		{3564B271-7DDD-4A93-BF0C-2BA57E454E02}.Release|x86.ActiveCfg = Release|Any CPU
		{3564B271-7DDD-4A93-BF0C-2BA57E454E02}.Release|x86.Build.0 = Release|Any CPU
	EndGlobalSection
	GlobalSection(SolutionProperties) = preSolution
		HideSolutionNode = FALSE
	EndGlobalSection
EndGlobal
